
Microsoft Visual Studio Solution File, Format Version 12.00
# Visual Studio Version 16
VisualStudioVersion = 16.0.30225.117
MinimumVisualStudioVersion = 10.0.40219.1
Project("{8BC9CEB8-8B4A-11D0-8D11-00A0C91BC942}") = "MyWindow", "MyWindow.vcxproj", "{F9B548E1-3F21-4473-8A4B-2F1ECA5D9CFD}"
EndProject
Global
	GlobalSection(SolutionConfigurationPlatforms) = preSolution
		Debug|x64 = Debug|x64
		Debug|x86 = Debug|x86
		Release|x64 = Release|x64
		Release|x86 = Release|x86
	EndGlobalSection
	GlobalSection(ProjectConfigurationPlatforms) = postSolution
		{F9B548E1-3F21-4473-8A4B-2F1ECA5D9CFD}.Debug|x64.ActiveCfg = Debug|x64
		{F9B548E1-3F21-4473-8A4B-2F1ECA5D9CFD}.Debug|x64.Build.0 = Debug|x64
		{F9B548E1-3F21-4473-8A4B-2F1ECA5D9CFD}.Debug|x86.ActiveCfg = Debug|Win32
		{F9B548E1-3F21-4473-8A4B-2F1ECA5D9CFD}.Debug|x86.Build.0 = Debug|Win32
		{F9B548E1-3F21-4473-8A4B-2F1ECA5D9CFD}.Release|x64.ActiveCfg = Release|x64
		{F9B548E1-3F21-4473-8A4B-2F1ECA5D9CFD}.Release|x64.Build.0 = Release|x64
		{F9B548E1-3F21-4473-8A4B-2F1ECA5D9CFD}.Release|x86.ActiveCfg = Release|Win32
		{F9B548E1-3F21-4473-8A4B-2F1ECA5D9CFD}.Release|x86.Build.0 = Release|Win32
	EndGlobalSection
	GlobalSection(SolutionProperties) = preSolution
		HideSolutionNode = FALSE
	EndGlobalSection
	GlobalSection(ExtensibilityGlobals) = postSolution
		SolutionGuid = {E4FFAC70-7D23-44EA-8C15-0F6D43769A16}
	EndGlobalSection
EndGlobal
